// !$*UTF8*$!
{
	archiveVersion = 1;
	classes = {
	};
	objectVersion = 46;
	objects = {

/* Begin PBXBuildFile section */
		C15549FD150B90D800D0F3E6 /* QuartzCore.framework in Frameworks */ = {isa = PBXBuildFile; fileRef = C15549FC150B90D800D0F3E6 /* QuartzCore.framework */; };
		C182834616633FB600A69C46 /* LICENSE in Resources */ = {isa = PBXBuildFile; fileRef = C182834516633FB600A69C46 /* LICENSE */; };
		C1D6739B14F4D247006D3483 /* UIKit.framework in Frameworks */ = {isa = PBXBuildFile; fileRef = C1D6739A14F4D247006D3483 /* UIKit.framework */; };
		C1D6739D14F4D247006D3483 /* Foundation.framework in Frameworks */ = {isa = PBXBuildFile; fileRef = C1D6739C14F4D247006D3483 /* Foundation.framework */; };
		C1D6739F14F4D247006D3483 /* CoreGraphics.framework in Frameworks */ = {isa = PBXBuildFile; fileRef = C1D6739E14F4D247006D3483 /* CoreGraphics.framework */; };
		FA928C8016DFA0E800D29550 /* GSBookViewContainerView.m in Sources */ = {isa = PBXBuildFile; fileRef = FA928C3A16DFA0E800D29550 /* GSBookViewContainerView.m */; };
		FA928C8116DFA0E800D29550 /* GSCellContainerView.m in Sources */ = {isa = PBXBuildFile; fileRef = FA928C3C16DFA0E800D29550 /* GSCellContainerView.m */; };
		FA928C8216DFA0E800D29550 /* GSBookShelfView.m in Sources */ = {isa = PBXBuildFile; fileRef = FA928C4016DFA0E800D29550 /* GSBookShelfView.m */; };
		FA928C8316DFA0E800D29550 /* NSMutableArray+Rearrange.m in Sources */ = {isa = PBXBuildFile; fileRef = FA928C4416DFA0E800D29550 /* NSMutableArray+Rearrange.m */; };
		FA928C8416DFA0E800D29550 /* AppDelegate.m in Sources */ = {isa = PBXBuildFile; fileRef = FA928C4716DFA0E800D29550 /* AppDelegate.m */; };
		FA928C8516DFA0E800D29550 /* BelowBottomView.m in Sources */ = {isa = PBXBuildFile; fileRef = FA928C4916DFA0E800D29550 /* BelowBottomView.m */; };
		FA928C8616DFA0E800D29550 /* BookShelfCellView.m in Sources */ = {isa = PBXBuildFile; fileRef = FA928C4B16DFA0E800D29550 /* BookShelfCellView.m */; };
		FA928C8716DFA0E800D29550 /* MyBookView.m in Sources */ = {isa = PBXBuildFile; fileRef = FA928C4D16DFA0E800D29550 /* MyBookView.m */; };
		FA928C8816DFA0E800D29550 /* ViewController.m in Sources */ = {isa = PBXBuildFile; fileRef = FA928C4F16DFA0E800D29550 /* ViewController.m */; };
		FA928C8916DFA0E800D29550 /* AboveTopView.m in Sources */ = {isa = PBXBuildFile; fileRef = FA928C5216DFA0E800D29550 /* AboveTopView.m */; };
		FA928C8A16DFA0E800D29550 /* BookView.m in Sources */ = {isa = PBXBuildFile; fileRef = FA928C5416DFA0E800D29550 /* BookView.m */; };
		FA928C8B16DFA0E800D29550 /* MyBelowBottomView.m in Sources */ = {isa = PBXBuildFile; fileRef = FA928C5616DFA0E800D29550 /* MyBelowBottomView.m */; };
		FA928C8C16DFA0E800D29550 /* MyCellView.m in Sources */ = {isa = PBXBuildFile; fileRef = FA928C5816DFA0E800D29550 /* MyCellView.m */; };
		FA928C8D16DFA0E800D29550 /* main.m in Sources */ = {isa = PBXBuildFile; fileRef = FA928C5B16DFA0E800D29550 /* main.m */; };
		FA928C8F16DFA0E800D29550 /* InfoPlist.strings in Resources */ = {isa = PBXBuildFile; fileRef = FA928C5E16DFA0E800D29550 /* InfoPlist.strings */; };
		FA928C9016DFA0E800D29550 /* ViewController.xib in Resources */ = {isa = PBXBuildFile; fileRef = FA928C6016DFA0E800D29550 /* ViewController.xib */; };
		FA928C9116DFA0E800D29550 /* 1.png in Resources */ = {isa = PBXBuildFile; fileRef = FA928C6316DFA0E800D29550 /* 1.png */; };
		FA928C9216DFA0E800D29550 /* 1@2x.png in Resources */ = {isa = PBXBuildFile; fileRef = FA928C6416DFA0E800D29550 /* 1@2x.png */; };
		FA928C9316DFA0E800D29550 /* 2.png in Resources */ = {isa = PBXBuildFile; fileRef = FA928C6516DFA0E800D29550 /* 2.png */; };
		FA928C9416DFA0E800D29550 /* 2@2x.png in Resources */ = {isa = PBXBuildFile; fileRef = FA928C6616DFA0E800D29550 /* 2@2x.png */; };
		FA928C9516DFA0E800D29550 /* 3.png in Resources */ = {isa = PBXBuildFile; fileRef = FA928C6716DFA0E800D29550 /* 3.png */; };
		FA928C9616DFA0E800D29550 /* 3@2x.png in Resources */ = {isa = PBXBuildFile; fileRef = FA928C6816DFA0E800D29550 /* 3@2x.png */; };
		FA928C9716DFA0E800D29550 /* 4.png in Resources */ = {isa = PBXBuildFile; fileRef = FA928C6916DFA0E800D29550 /* 4.png */; };
		FA928C9816DFA0E800D29550 /* 4@2x.png in Resources */ = {isa = PBXBuildFile; fileRef = FA928C6A16DFA0E800D29550 /* 4@2x.png */; };
		FA928C9916DFA0E800D29550 /* BookShelfCell.png in Resources */ = {isa = PBXBuildFile; fileRef = FA928C6B16DFA0E800D29550 /* BookShelfCell.png */; };
		FA928C9A16DFA0E800D29550 /* BookShelfCell@2x.png in Resources */ = {isa = PBXBuildFile; fileRef = FA928C6C16DFA0E800D29550 /* BookShelfCell@2x.png */; };
		FA928C9B16DFA0E800D29550 /* BookViewChecked.png in Resources */ = {isa = PBXBuildFile; fileRef = FA928C6D16DFA0E800D29550 /* BookViewChecked.png */; };
		FA928C9C16DFA0E800D29550 /* BookViewChecked@2x.png in Resources */ = {isa = PBXBuildFile; fileRef = FA928C6E16DFA0E800D29550 /* BookViewChecked@2x.png */; };
		FA928C9D16DFA0E800D29550 /* comments.png in Resources */ = {isa = PBXBuildFile; fileRef = FA928C6F16DFA0E800D29550 /* comments.png */; };
		FA928C9E16DFA0E800D29550 /* NavBar-Landscape@2x~iphone.png in Resources */ = {isa = PBXBuildFile; fileRef = FA928C7216DFA0E800D29550 /* NavBar-Landscape@2x~iphone.png */; };
		FA928C9F16DFA0E800D29550 /* NavBar-Landscape~iphone.png in Resources */ = {isa = PBXBuildFile; fileRef = FA928C7316DFA0E800D29550 /* NavBar-Landscape~iphone.png */; };
		FA928CA016DFA0E800D29550 /* NavBar@2x~iphone.png in Resources */ = {isa = PBXBuildFile; fileRef = FA928C7416DFA0E800D29550 /* NavBar@2x~iphone.png */; };
		FA928CA116DFA0E800D29550 /* NavBar~iphone.png in Resources */ = {isa = PBXBuildFile; fileRef = FA928C7516DFA0E800D29550 /* NavBar~iphone.png */; };
		FA928CA216DFA0E800D29550 /* Shelf-Landscape@2x~iphone.png in Resources */ = {isa = PBXBuildFile; fileRef = FA928C7616DFA0E800D29550 /* Shelf-Landscape@2x~iphone.png */; };
		FA928CA316DFA0E800D29550 /* Shelf-Landscape~iphone.png in Resources */ = {isa = PBXBuildFile; fileRef = FA928C7716DFA0E800D29550 /* Shelf-Landscape~iphone.png */; };
		FA928CA416DFA0E800D29550 /* Shelf@2x~iphone.png in Resources */ = {isa = PBXBuildFile; fileRef = FA928C7816DFA0E800D29550 /* Shelf@2x~iphone.png */; };
		FA928CA516DFA0E800D29550 /* Shelf~iphone.png in Resources */ = {isa = PBXBuildFile; fileRef = FA928C7916DFA0E800D29550 /* Shelf~iphone.png */; };
		FA928CA616DFA0E800D29550 /* Side Shading-iPhone.png in Resources */ = {isa = PBXBuildFile; fileRef = FA928C7A16DFA0E800D29550 /* Side Shading-iPhone.png */; };
		FA928CA716DFA0E800D29550 /* Side Shading-iPhone@2x.png in Resources */ = {isa = PBXBuildFile; fileRef = FA928C7B16DFA0E800D29550 /* Side Shading-iPhone@2x.png */; };
		FA928CA816DFA0E800D29550 /* topshelf side shading-iPhone.png in Resources */ = {isa = PBXBuildFile; fileRef = FA928C7C16DFA0E800D29550 /* topshelf side shading-iPhone.png */; };
		FA928CA916DFA0E800D29550 /* topshelf side shading-iPhone@2x.png in Resources */ = {isa = PBXBuildFile; fileRef = FA928C7D16DFA0E800D29550 /* topshelf side shading-iPhone@2x.png */; };
		FA928CAA16DFA0E800D29550 /* WoodTile@2x~iphone.png in Resources */ = {isa = PBXBuildFile; fileRef = FA928C7E16DFA0E800D29550 /* WoodTile@2x~iphone.png */; };
		FA928CAB16DFA0E800D29550 /* WoodTile~iphone.png in Resources */ = {isa = PBXBuildFile; fileRef = FA928C7F16DFA0E800D29550 /* WoodTile~iphone.png */; };
		FA928CAF16DFA15800D29550 /* Default-568h@2x.png in Resources */ = {isa = PBXBuildFile; fileRef = FA928CAE16DFA15800D29550 /* Default-568h@2x.png */; };
		FA928CB216DFA1C700D29550 /* Default.png in Resources */ = {isa = PBXBuildFile; fileRef = FA928CB016DFA1C700D29550 /* Default.png */; };
		FA928CB316DFA1C700D29550 /* Default@2x.png in Resources */ = {isa = PBXBuildFile; fileRef = FA928CB116DFA1C700D29550 /* Default@2x.png */; };
/* End PBXBuildFile section */

/* Begin PBXFileReference section */
		C1539F4C1510C76A00C6A479 /* README.md */ = {isa = PBXFileReference; fileEncoding = 4; lastKnownFileType = text; path = README.md; sourceTree = "<group>"; };
		C15549FC150B90D800D0F3E6 /* QuartzCore.framework */ = {isa = PBXFileReference; lastKnownFileType = wrapper.framework; name = QuartzCore.framework; path = System/Library/Frameworks/QuartzCore.framework; sourceTree = SDKROOT; };
		C182834516633FB600A69C46 /* LICENSE */ = {isa = PBXFileReference; fileEncoding = 4; lastKnownFileType = text; path = LICENSE; sourceTree = "<group>"; };
		C1D6739614F4D247006D3483 /* BookShelf.app */ = {isa = PBXFileReference; explicitFileType = wrapper.application; includeInIndex = 0; path = BookShelf.app; sourceTree = BUILT_PRODUCTS_DIR; };
		C1D6739A14F4D247006D3483 /* UIKit.framework */ = {isa = PBXFileReference; lastKnownFileType = wrapper.framework; name = UIKit.framework; path = System/Library/Frameworks/UIKit.framework; sourceTree = SDKROOT; };
		C1D6739C14F4D247006D3483 /* Foundation.framework */ = {isa = PBXFileReference; lastKnownFileType = wrapper.framework; name = Foundation.framework; path = System/Library/Frameworks/Foundation.framework; sourceTree = SDKROOT; };
		C1D6739E14F4D247006D3483 /* CoreGraphics.framework */ = {isa = PBXFileReference; lastKnownFileType = wrapper.framework; name = CoreGraphics.framework; path = System/Library/Frameworks/CoreGraphics.framework; sourceTree = SDKROOT; };
		FA928C3916DFA0E800D29550 /* GSBookViewContainerView.h */ = {isa = PBXFileReference; fileEncoding = 4; lastKnownFileType = sourcecode.c.h; path = GSBookViewContainerView.h; sourceTree = "<group>"; };
		FA928C3A16DFA0E800D29550 /* GSBookViewContainerView.m */ = {isa = PBXFileReference; fileEncoding = 4; lastKnownFileType = sourcecode.c.objc; path = GSBookViewContainerView.m; sourceTree = "<group>"; };
		FA928C3B16DFA0E800D29550 /* GSCellContainerView.h */ = {isa = PBXFileReference; fileEncoding = 4; lastKnownFileType = sourcecode.c.h; path = GSCellContainerView.h; sourceTree = "<group>"; };
		FA928C3C16DFA0E800D29550 /* GSCellContainerView.m */ = {isa = PBXFileReference; fileEncoding = 4; lastKnownFileType = sourcecode.c.objc; path = GSCellContainerView.m; sourceTree = "<group>"; };
		FA928C3E16DFA0E800D29550 /* GSBookShelfCell.h */ = {isa = PBXFileReference; fileEncoding = 4; lastKnownFileType = sourcecode.c.h; path = GSBookShelfCell.h; sourceTree = "<group>"; };
		FA928C3F16DFA0E800D29550 /* GSBookShelfView.h */ = {isa = PBXFileReference; fileEncoding = 4; lastKnownFileType = sourcecode.c.h; path = GSBookShelfView.h; sourceTree = "<group>"; };
		FA928C4016DFA0E800D29550 /* GSBookShelfView.m */ = {isa = PBXFileReference; fileEncoding = 4; lastKnownFileType = sourcecode.c.objc; path = GSBookShelfView.m; sourceTree = "<group>"; };
		FA928C4116DFA0E800D29550 /* GSBookView.h */ = {isa = PBXFileReference; fileEncoding = 4; lastKnownFileType = sourcecode.c.h; path = GSBookView.h; sourceTree = "<group>"; };
		FA928C4316DFA0E800D29550 /* NSMutableArray+Rearrange.h */ = {isa = PBXFileReference; fileEncoding = 4; lastKnownFileType = sourcecode.c.h; path = "NSMutableArray+Rearrange.h"; sourceTree = "<group>"; };
		FA928C4416DFA0E800D29550 /* NSMutableArray+Rearrange.m */ = {isa = PBXFileReference; fileEncoding = 4; lastKnownFileType = sourcecode.c.objc; path = "NSMutableArray+Rearrange.m"; sourceTree = "<group>"; };
		FA928C4616DFA0E800D29550 /* AppDelegate.h */ = {isa = PBXFileReference; fileEncoding = 4; lastKnownFileType = sourcecode.c.h; path = AppDelegate.h; sourceTree = "<group>"; };
		FA928C4716DFA0E800D29550 /* AppDelegate.m */ = {isa = PBXFileReference; fileEncoding = 4; lastKnownFileType = sourcecode.c.objc; path = AppDelegate.m; sourceTree = "<group>"; };
		FA928C4816DFA0E800D29550 /* BelowBottomView.h */ = {isa = PBXFileReference; fileEncoding = 4; lastKnownFileType = sourcecode.c.h; path = BelowBottomView.h; sourceTree = "<group>"; };
		FA928C4916DFA0E800D29550 /* BelowBottomView.m */ = {isa = PBXFileReference; fileEncoding = 4; lastKnownFileType = sourcecode.c.objc; path = BelowBottomView.m; sourceTree = "<group>"; };
		FA928C4A16DFA0E800D29550 /* BookShelfCellView.h */ = {isa = PBXFileReference; fileEncoding = 4; lastKnownFileType = sourcecode.c.h; path = BookShelfCellView.h; sourceTree = "<group>"; };
		FA928C4B16DFA0E800D29550 /* BookShelfCellView.m */ = {isa = PBXFileReference; fileEncoding = 4; lastKnownFileType = sourcecode.c.objc; path = BookShelfCellView.m; sourceTree = "<group>"; };
		FA928C4C16DFA0E800D29550 /* MyBookView.h */ = {isa = PBXFileReference; fileEncoding = 4; lastKnownFileType = sourcecode.c.h; path = MyBookView.h; sourceTree = "<group>"; };
		FA928C4D16DFA0E800D29550 /* MyBookView.m */ = {isa = PBXFileReference; fileEncoding = 4; lastKnownFileType = sourcecode.c.objc; path = MyBookView.m; sourceTree = "<group>"; };
		FA928C4E16DFA0E800D29550 /* ViewController.h */ = {isa = PBXFileReference; fileEncoding = 4; lastKnownFileType = sourcecode.c.h; path = ViewController.h; sourceTree = "<group>"; };
		FA928C4F16DFA0E800D29550 /* ViewController.m */ = {isa = PBXFileReference; fileEncoding = 4; lastKnownFileType = sourcecode.c.objc; path = ViewController.m; sourceTree = "<group>"; };
		FA928C5116DFA0E800D29550 /* AboveTopView.h */ = {isa = PBXFileReference; fileEncoding = 4; lastKnownFileType = sourcecode.c.h; path = AboveTopView.h; sourceTree = "<group>"; };
		FA928C5216DFA0E800D29550 /* AboveTopView.m */ = {isa = PBXFileReference; fileEncoding = 4; lastKnownFileType = sourcecode.c.objc; path = AboveTopView.m; sourceTree = "<group>"; };
		FA928C5316DFA0E800D29550 /* BookView.h */ = {isa = PBXFileReference; fileEncoding = 4; lastKnownFileType = sourcecode.c.h; path = BookView.h; sourceTree = "<group>"; };
		FA928C5416DFA0E800D29550 /* BookView.m */ = {isa = PBXFileReference; fileEncoding = 4; lastKnownFileType = sourcecode.c.objc; path = BookView.m; sourceTree = "<group>"; };
		FA928C5516DFA0E800D29550 /* MyBelowBottomView.h */ = {isa = PBXFileReference; fileEncoding = 4; lastKnownFileType = sourcecode.c.h; path = MyBelowBottomView.h; sourceTree = "<group>"; };
		FA928C5616DFA0E800D29550 /* MyBelowBottomView.m */ = {isa = PBXFileReference; fileEncoding = 4; lastKnownFileType = sourcecode.c.objc; path = MyBelowBottomView.m; sourceTree = "<group>"; };
		FA928C5716DFA0E800D29550 /* MyCellView.h */ = {isa = PBXFileReference; fileEncoding = 4; lastKnownFileType = sourcecode.c.h; path = MyCellView.h; sourceTree = "<group>"; };
		FA928C5816DFA0E800D29550 /* MyCellView.m */ = {isa = PBXFileReference; fileEncoding = 4; lastKnownFileType = sourcecode.c.objc; path = MyCellView.m; sourceTree = "<group>"; };
		FA928C5A16DFA0E800D29550 /* BookShelf-Prefix.pch */ = {isa = PBXFileReference; fileEncoding = 4; lastKnownFileType = sourcecode.c.h; path = "BookShelf-Prefix.pch"; sourceTree = "<group>"; };
		FA928C5B16DFA0E800D29550 /* main.m */ = {isa = PBXFileReference; fileEncoding = 4; lastKnownFileType = sourcecode.c.objc; path = main.m; sourceTree = "<group>"; };
		FA928C5D16DFA0E800D29550 /* BookShelf-Info.plist */ = {isa = PBXFileReference; fileEncoding = 4; lastKnownFileType = text.plist.xml; path = "BookShelf-Info.plist"; sourceTree = "<group>"; };
		FA928C5F16DFA0E800D29550 /* en */ = {isa = PBXFileReference; lastKnownFileType = text.plist.strings; name = en; path = en.lproj/InfoPlist.strings; sourceTree = "<group>"; };
		FA928C6116DFA0E800D29550 /* en */ = {isa = PBXFileReference; lastKnownFileType = file.xib; name = en; path = en.lproj/ViewController.xib; sourceTree = "<group>"; };
		FA928C6316DFA0E800D29550 /* 1.png */ = {isa = PBXFileReference; lastKnownFileType = image.png; path = 1.png; sourceTree = "<group>"; };
		FA928C6416DFA0E800D29550 /* 1@2x.png */ = {isa = PBXFileReference; lastKnownFileType = image.png; path = "1@2x.png"; sourceTree = "<group>"; };
		FA928C6516DFA0E800D29550 /* 2.png */ = {isa = PBXFileReference; lastKnownFileType = image.png; path = 2.png; sourceTree = "<group>"; };
		FA928C6616DFA0E800D29550 /* 2@2x.png */ = {isa = PBXFileReference; lastKnownFileType = image.png; path = "2@2x.png"; sourceTree = "<group>"; };
		FA928C6716DFA0E800D29550 /* 3.png */ = {isa = PBXFileReference; lastKnownFileType = image.png; path = 3.png; sourceTree = "<group>"; };
		FA928C6816DFA0E800D29550 /* 3@2x.png */ = {isa = PBXFileReference; lastKnownFileType = image.png; path = "3@2x.png"; sourceTree = "<group>"; };
		FA928C6916DFA0E800D29550 /* 4.png */ = {isa = PBXFileReference; lastKnownFileType = image.png; path = 4.png; sourceTree = "<group>"; };
		FA928C6A16DFA0E800D29550 /* 4@2x.png */ = {isa = PBXFileReference; lastKnownFileType = image.png; path = "4@2x.png"; sourceTree = "<group>"; };
		FA928C6B16DFA0E800D29550 /* BookShelfCell.png */ = {isa = PBXFileReference; lastKnownFileType = image.png; path = BookShelfCell.png; sourceTree = "<group>"; };
		FA928C6C16DFA0E800D29550 /* BookShelfCell@2x.png */ = {isa = PBXFileReference; lastKnownFileType = image.png; path = "BookShelfCell@2x.png"; sourceTree = "<group>"; };
		FA928C6D16DFA0E800D29550 /* BookViewChecked.png */ = {isa = PBXFileReference; lastKnownFileType = image.png; path = BookViewChecked.png; sourceTree = "<group>"; };
		FA928C6E16DFA0E800D29550 /* BookViewChecked@2x.png */ = {isa = PBXFileReference; lastKnownFileType = image.png; path = "BookViewChecked@2x.png"; sourceTree = "<group>"; };
		FA928C6F16DFA0E800D29550 /* comments.png */ = {isa = PBXFileReference; lastKnownFileType = image.png; path = comments.png; sourceTree = "<group>"; };
		FA928C7216DFA0E800D29550 /* NavBar-Landscape@2x~iphone.png */ = {isa = PBXFileReference; lastKnownFileType = image.png; path = "NavBar-Landscape@2x~iphone.png"; sourceTree = "<group>"; };
		FA928C7316DFA0E800D29550 /* NavBar-Landscape~iphone.png */ = {isa = PBXFileReference; lastKnownFileType = image.png; path = "NavBar-Landscape~iphone.png"; sourceTree = "<group>"; };
		FA928C7416DFA0E800D29550 /* NavBar@2x~iphone.png */ = {isa = PBXFileReference; lastKnownFileType = image.png; path = "NavBar@2x~iphone.png"; sourceTree = "<group>"; };
		FA928C7516DFA0E800D29550 /* NavBar~iphone.png */ = {isa = PBXFileReference; lastKnownFileType = image.png; path = "NavBar~iphone.png"; sourceTree = "<group>"; };
		FA928C7616DFA0E800D29550 /* Shelf-Landscape@2x~iphone.png */ = {isa = PBXFileReference; lastKnownFileType = image.png; path = "Shelf-Landscape@2x~iphone.png"; sourceTree = "<group>"; };
		FA928C7716DFA0E800D29550 /* Shelf-Landscape~iphone.png */ = {isa = PBXFileReference; lastKnownFileType = image.png; path = "Shelf-Landscape~iphone.png"; sourceTree = "<group>"; };
		FA928C7816DFA0E800D29550 /* Shelf@2x~iphone.png */ = {isa = PBXFileReference; lastKnownFileType = image.png; path = "Shelf@2x~iphone.png"; sourceTree = "<group>"; };
		FA928C7916DFA0E800D29550 /* Shelf~iphone.png */ = {isa = PBXFileReference; lastKnownFileType = image.png; path = "Shelf~iphone.png"; sourceTree = "<group>"; };
		FA928C7A16DFA0E800D29550 /* Side Shading-iPhone.png */ = {isa = PBXFileReference; lastKnownFileType = image.png; path = "Side Shading-iPhone.png"; sourceTree = "<group>"; };
		FA928C7B16DFA0E800D29550 /* Side Shading-iPhone@2x.png */ = {isa = PBXFileReference; lastKnownFileType = image.png; path = "Side Shading-iPhone@2x.png"; sourceTree = "<group>"; };
		FA928C7C16DFA0E800D29550 /* topshelf side shading-iPhone.png */ = {isa = PBXFileReference; lastKnownFileType = image.png; path = "topshelf side shading-iPhone.png"; sourceTree = "<group>"; };
		FA928C7D16DFA0E800D29550 /* topshelf side shading-iPhone@2x.png */ = {isa = PBXFileReference; lastKnownFileType = image.png; path = "topshelf side shading-iPhone@2x.png"; sourceTree = "<group>"; };
		FA928C7E16DFA0E800D29550 /* WoodTile@2x~iphone.png */ = {isa = PBXFileReference; lastKnownFileType = image.png; path = "WoodTile@2x~iphone.png"; sourceTree = "<group>"; };
		FA928C7F16DFA0E800D29550 /* WoodTile~iphone.png */ = {isa = PBXFileReference; lastKnownFileType = image.png; path = "WoodTile~iphone.png"; sourceTree = "<group>"; };
		FA928CAE16DFA15800D29550 /* Default-568h@2x.png */ = {isa = PBXFileReference; lastKnownFileType = image.png; path = "Default-568h@2x.png"; sourceTree = "<group>"; };
		FA928CB016DFA1C700D29550 /* Default.png */ = {isa = PBXFileReference; lastKnownFileType = image.png; path = Default.png; sourceTree = "<group>"; };
		FA928CB116DFA1C700D29550 /* Default@2x.png */ = {isa = PBXFileReference; lastKnownFileType = image.png; path = "Default@2x.png"; sourceTree = "<group>"; };
/* End PBXFileReference section */

/* Begin PBXFrameworksBuildPhase section */
		C1D6739314F4D247006D3483 /* Frameworks */ = {
			isa = PBXFrameworksBuildPhase;
			buildActionMask = 2147483647;
			files = (
				C15549FD150B90D800D0F3E6 /* QuartzCore.framework in Frameworks */,
				C1D6739B14F4D247006D3483 /* UIKit.framework in Frameworks */,
				C1D6739D14F4D247006D3483 /* Foundation.framework in Frameworks */,
				C1D6739F14F4D247006D3483 /* CoreGraphics.framework in Frameworks */,
			);
			runOnlyForDeploymentPostprocessing = 0;
		};
/* End PBXFrameworksBuildPhase section */

/* Begin PBXGroup section */
		C1D6738B14F4D247006D3483 = {
			isa = PBXGroup;
			children = (
				C182834516633FB600A69C46 /* LICENSE */,
				C1539F4C1510C76A00C6A479 /* README.md */,
				C1D673A014F4D247006D3483 /* BookShelf */,
				C1D6739914F4D247006D3483 /* Frameworks */,
				C1D6739714F4D247006D3483 /* Products */,
			);
			sourceTree = "<group>";
		};
		C1D6739714F4D247006D3483 /* Products */ = {
			isa = PBXGroup;
			children = (
				C1D6739614F4D247006D3483 /* BookShelf.app */,
			);
			name = Products;
			sourceTree = "<group>";
		};
		C1D6739914F4D247006D3483 /* Frameworks */ = {
			isa = PBXGroup;
			children = (
				C15549FC150B90D800D0F3E6 /* QuartzCore.framework */,
				C1D6739A14F4D247006D3483 /* UIKit.framework */,
				C1D6739C14F4D247006D3483 /* Foundation.framework */,
				C1D6739E14F4D247006D3483 /* CoreGraphics.framework */,
			);
			name = Frameworks;
			sourceTree = "<group>";
		};
		C1D673A014F4D247006D3483 /* BookShelf */ = {
			isa = PBXGroup;
			children = (
				FA928C3616DFA0E800D29550 /* Classes */,
				FA928C5916DFA0E800D29550 /* Other */,
				FA928C5C16DFA0E800D29550 /* Resources */,
			);
			path = BookShelf;
			sourceTree = "<group>";
		};
		FA928C3616DFA0E800D29550 /* Classes */ = {
			isa = PBXGroup;
			children = (
				FA928C3716DFA0E800D29550 /* BookShelf */,
				FA928C4516DFA0E800D29550 /* Demo */,
				FA928C5016DFA0E800D29550 /* Useless */,
			);
			path = Classes;
			sourceTree = "<group>";
		};
		FA928C3716DFA0E800D29550 /* BookShelf */ = {
			isa = PBXGroup;
			children = (
				FA928C3816DFA0E800D29550 /* Private */,
				FA928C3D16DFA0E800D29550 /* Public */,
				FA928C4216DFA0E800D29550 /* Utilities */,
			);
			path = BookShelf;
			sourceTree = "<group>";
		};
		FA928C3816DFA0E800D29550 /* Private */ = {
			isa = PBXGroup;
			children = (
				FA928C3916DFA0E800D29550 /* GSBookViewContainerView.h */,
				FA928C3A16DFA0E800D29550 /* GSBookViewContainerView.m */,
				FA928C3B16DFA0E800D29550 /* GSCellContainerView.h */,
				FA928C3C16DFA0E800D29550 /* GSCellContainerView.m */,
			);
			path = Private;
			sourceTree = "<group>";
		};
		FA928C3D16DFA0E800D29550 /* Public */ = {
			isa = PBXGroup;
			children = (
				FA928C3E16DFA0E800D29550 /* GSBookShelfCell.h */,
				FA928C3F16DFA0E800D29550 /* GSBookShelfView.h */,
				FA928C4016DFA0E800D29550 /* GSBookShelfView.m */,
				FA928C4116DFA0E800D29550 /* GSBookView.h */,
			);
			path = Public;
			sourceTree = "<group>";
		};
		FA928C4216DFA0E800D29550 /* Utilities */ = {
			isa = PBXGroup;
			children = (
				FA928C4316DFA0E800D29550 /* NSMutableArray+Rearrange.h */,
				FA928C4416DFA0E800D29550 /* NSMutableArray+Rearrange.m */,
			);
			path = Utilities;
			sourceTree = "<group>";
		};
		FA928C4516DFA0E800D29550 /* Demo */ = {
			isa = PBXGroup;
			children = (
				FA928C4616DFA0E800D29550 /* AppDelegate.h */,
				FA928C4716DFA0E800D29550 /* AppDelegate.m */,
				FA928C4816DFA0E800D29550 /* BelowBottomView.h */,
				FA928C4916DFA0E800D29550 /* BelowBottomView.m */,
				FA928C4A16DFA0E800D29550 /* BookShelfCellView.h */,
				FA928C4B16DFA0E800D29550 /* BookShelfCellView.m */,
				FA928C4C16DFA0E800D29550 /* MyBookView.h */,
				FA928C4D16DFA0E800D29550 /* MyBookView.m */,
				FA928C4E16DFA0E800D29550 /* ViewController.h */,
				FA928C4F16DFA0E800D29550 /* ViewController.m */,
			);
			path = Demo;
			sourceTree = "<group>";
		};
		FA928C5016DFA0E800D29550 /* Useless */ = {
			isa = PBXGroup;
			children = (
				FA928C5116DFA0E800D29550 /* AboveTopView.h */,
				FA928C5216DFA0E800D29550 /* AboveTopView.m */,
				FA928C5316DFA0E800D29550 /* BookView.h */,
				FA928C5416DFA0E800D29550 /* BookView.m */,
				FA928C5516DFA0E800D29550 /* MyBelowBottomView.h */,
				FA928C5616DFA0E800D29550 /* MyBelowBottomView.m */,
				FA928C5716DFA0E800D29550 /* MyCellView.h */,
				FA928C5816DFA0E800D29550 /* MyCellView.m */,
			);
			path = Useless;
			sourceTree = "<group>";
		};
		FA928C5916DFA0E800D29550 /* Other */ = {
			isa = PBXGroup;
			children = (
				FA928C5A16DFA0E800D29550 /* BookShelf-Prefix.pch */,
				FA928C5B16DFA0E800D29550 /* main.m */,
			);
			path = Other;
			sourceTree = "<group>";
		};
		FA928C5C16DFA0E800D29550 /* Resources */ = {
			isa = PBXGroup;
			children = (
				FA928C5D16DFA0E800D29550 /* BookShelf-Info.plist */,
				FA928C5E16DFA0E800D29550 /* InfoPlist.strings */,
				FA928C6016DFA0E800D29550 /* ViewController.xib */,
				FA928C6216DFA0E800D29550 /* Images */,
			);
			path = Resources;
			sourceTree = "<group>";
		};
		FA928C6216DFA0E800D29550 /* Images */ = {
			isa = PBXGroup;
			children = (
				FA928CB016DFA1C700D29550 /* Default.png */,
				FA928CB116DFA1C700D29550 /* Default@2x.png */,
				FA928CAE16DFA15800D29550 /* Default-568h@2x.png */,
				FA928C6316DFA0E800D29550 /* 1.png */,
				FA928C6416DFA0E800D29550 /* 1@2x.png */,
				FA928C6516DFA0E800D29550 /* 2.png */,
				FA928C6616DFA0E800D29550 /* 2@2x.png */,
				FA928C6716DFA0E800D29550 /* 3.png */,
				FA928C6816DFA0E800D29550 /* 3@2x.png */,
				FA928C6916DFA0E800D29550 /* 4.png */,
				FA928C6A16DFA0E800D29550 /* 4@2x.png */,
				FA928C6B16DFA0E800D29550 /* BookShelfCell.png */,
				FA928C6C16DFA0E800D29550 /* BookShelfCell@2x.png */,
				FA928C6D16DFA0E800D29550 /* BookViewChecked.png */,
				FA928C6E16DFA0E800D29550 /* BookViewChecked@2x.png */,
				FA928C6F16DFA0E800D29550 /* comments.png */,
				FA928C7016DFA0E800D29550 /* for test */,
				FA928C7116DFA0E800D29550 /* from iBooks */,
			);
			path = Images;
			sourceTree = "<group>";
		};
		FA928C7016DFA0E800D29550 /* for test */ = {
			isa = PBXGroup;
			children = (
			);
			path = "for test";
			sourceTree = "<group>";
		};
		FA928C7116DFA0E800D29550 /* from iBooks */ = {
			isa = PBXGroup;
			children = (
				FA928C7216DFA0E800D29550 /* NavBar-Landscape@2x~iphone.png */,
				FA928C7316DFA0E800D29550 /* NavBar-Landscape~iphone.png */,
				FA928C7416DFA0E800D29550 /* NavBar@2x~iphone.png */,
				FA928C7516DFA0E800D29550 /* NavBar~iphone.png */,
				FA928C7616DFA0E800D29550 /* Shelf-Landscape@2x~iphone.png */,
				FA928C7716DFA0E800D29550 /* Shelf-Landscape~iphone.png */,
				FA928C7816DFA0E800D29550 /* Shelf@2x~iphone.png */,
				FA928C7916DFA0E800D29550 /* Shelf~iphone.png */,
				FA928C7A16DFA0E800D29550 /* Side Shading-iPhone.png */,
				FA928C7B16DFA0E800D29550 /* Side Shading-iPhone@2x.png */,
				FA928C7C16DFA0E800D29550 /* topshelf side shading-iPhone.png */,
				FA928C7D16DFA0E800D29550 /* topshelf side shading-iPhone@2x.png */,
				FA928C7E16DFA0E800D29550 /* WoodTile@2x~iphone.png */,
				FA928C7F16DFA0E800D29550 /* WoodTile~iphone.png */,
			);
			path = "from iBooks";
			sourceTree = "<group>";
		};
/* End PBXGroup section */

/* Begin PBXNativeTarget section */
		C1D6739514F4D247006D3483 /* BookShelf */ = {
			isa = PBXNativeTarget;
			buildConfigurationList = C1D673B414F4D247006D3483 /* Build configuration list for PBXNativeTarget "BookShelf" */;
			buildPhases = (
				C1D6739214F4D247006D3483 /* Sources */,
				C1D6739314F4D247006D3483 /* Frameworks */,
				C1D6739414F4D247006D3483 /* Resources */,
			);
			buildRules = (
			);
			dependencies = (
			);
			name = BookShelf;
			productName = BookShelf;
			productReference = C1D6739614F4D247006D3483 /* BookShelf.app */;
			productType = "com.apple.product-type.application";
		};
/* End PBXNativeTarget section */

/* Begin PBXProject section */
		C1D6738D14F4D247006D3483 /* Project object */ = {
			isa = PBXProject;
			attributes = {
				LastUpgradeCheck = 0430;
				ORGANIZATIONNAME = FoOTOo;
			};
			buildConfigurationList = C1D6739014F4D247006D3483 /* Build configuration list for PBXProject "BookShelf" */;
			compatibilityVersion = "Xcode 3.2";
			developmentRegion = English;
			hasScannedForEncodings = 0;
			knownRegions = (
				en,
			);
			mainGroup = C1D6738B14F4D247006D3483;
			productRefGroup = C1D6739714F4D247006D3483 /* Products */;
			projectDirPath = "";
			projectRoot = "";
			targets = (
				C1D6739514F4D247006D3483 /* BookShelf */,
			);
		};
/* End PBXProject section */

/* Begin PBXResourcesBuildPhase section */
		C1D6739414F4D247006D3483 /* Resources */ = {
			isa = PBXResourcesBuildPhase;
			buildActionMask = 2147483647;
			files = (
				C182834616633FB600A69C46 /* LICENSE in Resources */,
				FA928C8F16DFA0E800D29550 /* InfoPlist.strings in Resources */,
				FA928C9016DFA0E800D29550 /* ViewController.xib in Resources */,
				FA928C9116DFA0E800D29550 /* 1.png in Resources */,
				FA928C9216DFA0E800D29550 /* 1@2x.png in Resources */,
				FA928C9316DFA0E800D29550 /* 2.png in Resources */,
				FA928C9416DFA0E800D29550 /* 2@2x.png in Resources */,
				FA928C9516DFA0E800D29550 /* 3.png in Resources */,
				FA928C9616DFA0E800D29550 /* 3@2x.png in Resources */,
				FA928C9716DFA0E800D29550 /* 4.png in Resources */,
				FA928C9816DFA0E800D29550 /* 4@2x.png in Resources */,
				FA928C9916DFA0E800D29550 /* BookShelfCell.png in Resources */,
				FA928C9A16DFA0E800D29550 /* BookShelfCell@2x.png in Resources */,
				FA928C9B16DFA0E800D29550 /* BookViewChecked.png in Resources */,
				FA928C9C16DFA0E800D29550 /* BookViewChecked@2x.png in Resources */,
				FA928C9D16DFA0E800D29550 /* comments.png in Resources */,
				FA928C9E16DFA0E800D29550 /* NavBar-Landscape@2x~iphone.png in Resources */,
				FA928C9F16DFA0E800D29550 /* NavBar-Landscape~iphone.png in Resources */,
				FA928CA016DFA0E800D29550 /* NavBar@2x~iphone.png in Resources */,
				FA928CA116DFA0E800D29550 /* NavBar~iphone.png in Resources */,
				FA928CA216DFA0E800D29550 /* Shelf-Landscape@2x~iphone.png in Resources */,
				FA928CA316DFA0E800D29550 /* Shelf-Landscape~iphone.png in Resources */,
				FA928CA416DFA0E800D29550 /* Shelf@2x~iphone.png in Resources */,
				FA928CA516DFA0E800D29550 /* Shelf~iphone.png in Resources */,
				FA928CA616DFA0E800D29550 /* Side Shading-iPhone.png in Resources */,
				FA928CA716DFA0E800D29550 /* Side Shading-iPhone@2x.png in Resources */,
				FA928CA816DFA0E800D29550 /* topshelf side shading-iPhone.png in Resources */,
				FA928CA916DFA0E800D29550 /* topshelf side shading-iPhone@2x.png in Resources */,
				FA928CAA16DFA0E800D29550 /* WoodTile@2x~iphone.png in Resources */,
				FA928CAB16DFA0E800D29550 /* WoodTile~iphone.png in Resources */,
				FA928CAF16DFA15800D29550 /* Default-568h@2x.png in Resources */,
				FA928CB216DFA1C700D29550 /* Default.png in Resources */,
				FA928CB316DFA1C700D29550 /* Default@2x.png in Resources */,
			);
			runOnlyForDeploymentPostprocessing = 0;
		};
/* End PBXResourcesBuildPhase section */

/* Begin PBXSourcesBuildPhase section */
		C1D6739214F4D247006D3483 /* Sources */ = {
			isa = PBXSourcesBuildPhase;
			buildActionMask = 2147483647;
			files = (
				FA928C8016DFA0E800D29550 /* GSBookViewContainerView.m in Sources */,
				FA928C8116DFA0E800D29550 /* GSCellContainerView.m in Sources */,
				FA928C8216DFA0E800D29550 /* GSBookShelfView.m in Sources */,
				FA928C8316DFA0E800D29550 /* NSMutableArray+Rearrange.m in Sources */,
				FA928C8416DFA0E800D29550 /* AppDelegate.m in Sources */,
				FA928C8516DFA0E800D29550 /* BelowBottomView.m in Sources */,
				FA928C8616DFA0E800D29550 /* BookShelfCellView.m in Sources */,
				FA928C8716DFA0E800D29550 /* MyBookView.m in Sources */,
				FA928C8816DFA0E800D29550 /* ViewController.m in Sources */,
				FA928C8916DFA0E800D29550 /* AboveTopView.m in Sources */,
				FA928C8A16DFA0E800D29550 /* BookView.m in Sources */,
				FA928C8B16DFA0E800D29550 /* MyBelowBottomView.m in Sources */,
				FA928C8C16DFA0E800D29550 /* MyCellView.m in Sources */,
				FA928C8D16DFA0E800D29550 /* main.m in Sources */,
			);
			runOnlyForDeploymentPostprocessing = 0;
		};
/* End PBXSourcesBuildPhase section */

/* Begin PBXVariantGroup section */
		FA928C5E16DFA0E800D29550 /* InfoPlist.strings */ = {
			isa = PBXVariantGroup;
			children = (
				FA928C5F16DFA0E800D29550 /* en */,
			);
			name = InfoPlist.strings;
			sourceTree = "<group>";
		};
		FA928C6016DFA0E800D29550 /* ViewController.xib */ = {
			isa = PBXVariantGroup;
			children = (
				FA928C6116DFA0E800D29550 /* en */,
			);
			name = ViewController.xib;
			sourceTree = "<group>";
		};
/* End PBXVariantGroup section */

/* Begin XCBuildConfiguration section */
		C1D673B214F4D247006D3483 /* Debug */ = {
			isa = XCBuildConfiguration;
			buildSettings = {
				ALWAYS_SEARCH_USER_PATHS = NO;
				ARCHS = "$(ARCHS_STANDARD_32_BIT)";
				CLANG_ENABLE_OBJC_ARC = YES;
				"CODE_SIGN_IDENTITY[sdk=iphoneos*]" = "iPhone Developer";
				COPY_PHASE_STRIP = NO;
				GCC_C_LANGUAGE_STANDARD = gnu99;
				GCC_DYNAMIC_NO_PIC = NO;
				GCC_OPTIMIZATION_LEVEL = 0;
				GCC_PREPROCESSOR_DEFINITIONS = (
					"DEBUG=1",
					"$(inherited)",
				);
				GCC_SYMBOLS_PRIVATE_EXTERN = NO;
				GCC_VERSION = com.apple.compilers.llvm.clang.1_0;
				GCC_WARN_ABOUT_MISSING_PROTOTYPES = YES;
				GCC_WARN_ABOUT_RETURN_TYPE = YES;
				GCC_WARN_UNUSED_VARIABLE = YES;
				IPHONEOS_DEPLOYMENT_TARGET = 5.0;
				SDKROOT = iphoneos;
			};
			name = Debug;
		};
		C1D673B314F4D247006D3483 /* Release */ = {
			isa = XCBuildConfiguration;
			buildSettings = {
				ALWAYS_SEARCH_USER_PATHS = NO;
				ARCHS = "$(ARCHS_STANDARD_32_BIT)";
				CLANG_ENABLE_OBJC_ARC = YES;
				"CODE_SIGN_IDENTITY[sdk=iphoneos*]" = "iPhone Developer";
				COPY_PHASE_STRIP = YES;
				GCC_C_LANGUAGE_STANDARD = gnu99;
				GCC_VERSION = com.apple.compilers.llvm.clang.1_0;
				GCC_WARN_ABOUT_MISSING_PROTOTYPES = YES;
				GCC_WARN_ABOUT_RETURN_TYPE = YES;
				GCC_WARN_UNUSED_VARIABLE = YES;
				IPHONEOS_DEPLOYMENT_TARGET = 5.0;
				OTHER_CFLAGS = "-DNS_BLOCK_ASSERTIONS=1";
				SDKROOT = iphoneos;
				VALIDATE_PRODUCT = YES;
			};
			name = Release;
		};
		C1D673B514F4D247006D3483 /* Debug */ = {
			isa = XCBuildConfiguration;
			buildSettings = {
				ARCHS = (
					armv6,
					armv7,
				);
				GCC_PRECOMPILE_PREFIX_HEADER = YES;
				GCC_PREFIX_HEADER = "BookShelf/Other/BookShelf-Prefix.pch";
				GCC_THUMB_SUPPORT = NO;
				INFOPLIST_FILE = "$(SRCROOT)/BookShelf/Resources/BookShelf-Info.plist";
				IPHONEOS_DEPLOYMENT_TARGET = 4.0;
				PRODUCT_NAME = "$(TARGET_NAME)";
				WRAPPER_EXTENSION = app;
			};
			name = Debug;
		};
		C1D673B614F4D247006D3483 /* Release */ = {
			isa = XCBuildConfiguration;
			buildSettings = {
				ARCHS = (
					armv6,
					armv7,
				);
				GCC_PRECOMPILE_PREFIX_HEADER = YES;
				GCC_PREFIX_HEADER = "BookShelf/Other/BookShelf-Prefix.pch";
				GCC_THUMB_SUPPORT = NO;
				INFOPLIST_FILE = "$(SRCROOT)/BookShelf/Resources/BookShelf-Info.plist";
				IPHONEOS_DEPLOYMENT_TARGET = 4.0;
				PRODUCT_NAME = "$(TARGET_NAME)";
				WRAPPER_EXTENSION = app;
			};
			name = Release;
		};
/* End XCBuildConfiguration section */

/* Begin XCConfigurationList section */
		C1D6739014F4D247006D3483 /* Build configuration list for PBXProject "BookShelf" */ = {
			isa = XCConfigurationList;
			buildConfigurations = (
				C1D673B214F4D247006D3483 /* Debug */,
				C1D673B314F4D247006D3483 /* Release */,
			);
			defaultConfigurationIsVisible = 0;
			defaultConfigurationName = Release;
		};
		C1D673B414F4D247006D3483 /* Build configuration list for PBXNativeTarget "BookShelf" */ = {
			isa = XCConfigurationList;
			buildConfigurations = (
				C1D673B514F4D247006D3483 /* Debug */,
				C1D673B614F4D247006D3483 /* Release */,
			);
			defaultConfigurationIsVisible = 0;
			defaultConfigurationName = Release;
		};
/* End XCConfigurationList section */
	};
	rootObject = C1D6738D14F4D247006D3483 /* Project object */;
}
