// !$*UTF8*$!
{
	archiveVersion = 1;
	classes = {
	};
	objectVersion = 46;
	objects = {

/* Begin PBXBuildFile section */
		C12BFCDC14F7CEF600206AFC /* GSBookViewContainerView.m in Sources */ = {isa = PBXBuildFile; fileRef = C12BFCDB14F7CEF600206AFC /* GSBookViewContainerView.m */; };
		C12BFCE014F7CF3A00206AFC /* GSCellContainerView.m in Sources */ = {isa = PBXBuildFile; fileRef = C12BFCDF14F7CF3A00206AFC /* GSCellContainerView.m */; };
		C15549FD150B90D800D0F3E6 /* QuartzCore.framework in Frameworks */ = {isa = PBXBuildFile; fileRef = C15549FC150B90D800D0F3E6 /* QuartzCore.framework */; };
		C1554A15150C9B5E00D0F3E6 /* AboveTopView.m in Sources */ = {isa = PBXBuildFile; fileRef = C1554A14150C9B5E00D0F3E6 /* AboveTopView.m */; };
		C1554A18150C9B6E00D0F3E6 /* BelowBottomView.m in Sources */ = {isa = PBXBuildFile; fileRef = C1554A17150C9B6D00D0F3E6 /* BelowBottomView.m */; };
		C16047E2150E08CC000929CC /* MyBelowBottomView.m in Sources */ = {isa = PBXBuildFile; fileRef = C16047DD150E08CC000929CC /* MyBelowBottomView.m */; };
		C16047E3150E08CC000929CC /* MyBookView.m in Sources */ = {isa = PBXBuildFile; fileRef = C16047DF150E08CC000929CC /* MyBookView.m */; };
		C16047E4150E08CC000929CC /* MyCellView.m in Sources */ = {isa = PBXBuildFile; fileRef = C16047E1150E08CC000929CC /* MyCellView.m */; };
		C16047EE150E0908000929CC /* 1.png in Resources */ = {isa = PBXBuildFile; fileRef = C16047E6150E0908000929CC /* 1.png */; };
		C16047EF150E0908000929CC /* 1@2x.png in Resources */ = {isa = PBXBuildFile; fileRef = C16047E7150E0908000929CC /* 1@2x.png */; };
		C16047F0150E0908000929CC /* 2.png in Resources */ = {isa = PBXBuildFile; fileRef = C16047E8150E0908000929CC /* 2.png */; };
		C16047F1150E0908000929CC /* 2@2x.png in Resources */ = {isa = PBXBuildFile; fileRef = C16047E9150E0908000929CC /* 2@2x.png */; };
		C16047F2150E0908000929CC /* 3.png in Resources */ = {isa = PBXBuildFile; fileRef = C16047EA150E0908000929CC /* 3.png */; };
		C16047F3150E0908000929CC /* 3@2x.png in Resources */ = {isa = PBXBuildFile; fileRef = C16047EB150E0908000929CC /* 3@2x.png */; };
		C16047F4150E0908000929CC /* 4.png in Resources */ = {isa = PBXBuildFile; fileRef = C16047EC150E0908000929CC /* 4.png */; };
		C16047F5150E0908000929CC /* 4@2x.png in Resources */ = {isa = PBXBuildFile; fileRef = C16047ED150E0908000929CC /* 4@2x.png */; };
		C16047F8150E0911000929CC /* BookShelfCell.png in Resources */ = {isa = PBXBuildFile; fileRef = C16047F6150E0911000929CC /* BookShelfCell.png */; };
		C16047F9150E0911000929CC /* BookShelfCell@2x.png in Resources */ = {isa = PBXBuildFile; fileRef = C16047F7150E0911000929CC /* BookShelfCell@2x.png */; };
		C1B712B51536F5FD00C07179 /* BookViewChecked.png in Resources */ = {isa = PBXBuildFile; fileRef = C1B712B31536F5FD00C07179 /* BookViewChecked.png */; };
		C1B712B61536F5FD00C07179 /* BookViewChecked@2x.png in Resources */ = {isa = PBXBuildFile; fileRef = C1B712B41536F5FD00C07179 /* BookViewChecked@2x.png */; };
		C1D6739B14F4D247006D3483 /* UIKit.framework in Frameworks */ = {isa = PBXBuildFile; fileRef = C1D6739A14F4D247006D3483 /* UIKit.framework */; };
		C1D6739D14F4D247006D3483 /* Foundation.framework in Frameworks */ = {isa = PBXBuildFile; fileRef = C1D6739C14F4D247006D3483 /* Foundation.framework */; };
		C1D6739F14F4D247006D3483 /* CoreGraphics.framework in Frameworks */ = {isa = PBXBuildFile; fileRef = C1D6739E14F4D247006D3483 /* CoreGraphics.framework */; };
		C1D673A514F4D247006D3483 /* InfoPlist.strings in Resources */ = {isa = PBXBuildFile; fileRef = C1D673A314F4D247006D3483 /* InfoPlist.strings */; };
		C1D673A714F4D247006D3483 /* main.m in Sources */ = {isa = PBXBuildFile; fileRef = C1D673A614F4D247006D3483 /* main.m */; };
		C1D673AB14F4D247006D3483 /* AppDelegate.m in Sources */ = {isa = PBXBuildFile; fileRef = C1D673AA14F4D247006D3483 /* AppDelegate.m */; };
		C1D673AE14F4D247006D3483 /* ViewController.m in Sources */ = {isa = PBXBuildFile; fileRef = C1D673AD14F4D247006D3483 /* ViewController.m */; };
		C1D673B114F4D247006D3483 /* ViewController.xib in Resources */ = {isa = PBXBuildFile; fileRef = C1D673AF14F4D247006D3483 /* ViewController.xib */; };
		C1D673BA14F4D35B006D3483 /* GSBookShelfView.m in Sources */ = {isa = PBXBuildFile; fileRef = C1D673B914F4D35B006D3483 /* GSBookShelfView.m */; };
		C1D673E714F62283006D3483 /* BookView.m in Sources */ = {isa = PBXBuildFile; fileRef = C1D673E614F62282006D3483 /* BookView.m */; };
		C1D673EA14F67DA4006D3483 /* BookShelfCellView.m in Sources */ = {isa = PBXBuildFile; fileRef = C1D673E914F67DA4006D3483 /* BookShelfCellView.m */; };
		C1DAD8061500A466004B4BD5 /* NSMutableArray+Rearrange.m in Sources */ = {isa = PBXBuildFile; fileRef = C1DAD8051500A466004B4BD5 /* NSMutableArray+Rearrange.m */; };
/* End PBXBuildFile section */

/* Begin PBXFileReference section */
		C116C3BC152B05F000AD6710 /* comments.png */ = {isa = PBXFileReference; lastKnownFileType = image.png; path = comments.png; sourceTree = "<group>"; };
		C12BFCDA14F7CEF600206AFC /* GSBookViewContainerView.h */ = {isa = PBXFileReference; fileEncoding = 4; lastKnownFileType = sourcecode.c.h; path = GSBookViewContainerView.h; sourceTree = "<group>"; };
		C12BFCDB14F7CEF600206AFC /* GSBookViewContainerView.m */ = {isa = PBXFileReference; fileEncoding = 4; lastKnownFileType = sourcecode.c.objc; path = GSBookViewContainerView.m; sourceTree = "<group>"; };
		C12BFCDE14F7CF3A00206AFC /* GSCellContainerView.h */ = {isa = PBXFileReference; fileEncoding = 4; lastKnownFileType = sourcecode.c.h; path = GSCellContainerView.h; sourceTree = "<group>"; };
		C12BFCDF14F7CF3A00206AFC /* GSCellContainerView.m */ = {isa = PBXFileReference; fileEncoding = 4; lastKnownFileType = sourcecode.c.objc; path = GSCellContainerView.m; sourceTree = "<group>"; };
		C1539F4C1510C76A00C6A479 /* README.md */ = {isa = PBXFileReference; fileEncoding = 4; lastKnownFileType = text; path = README.md; sourceTree = "<group>"; };
		C15549FC150B90D800D0F3E6 /* QuartzCore.framework */ = {isa = PBXFileReference; lastKnownFileType = wrapper.framework; name = QuartzCore.framework; path = System/Library/Frameworks/QuartzCore.framework; sourceTree = SDKROOT; };
		C1554A13150C9B5E00D0F3E6 /* AboveTopView.h */ = {isa = PBXFileReference; fileEncoding = 4; lastKnownFileType = sourcecode.c.h; path = AboveTopView.h; sourceTree = "<group>"; };
		C1554A14150C9B5E00D0F3E6 /* AboveTopView.m */ = {isa = PBXFileReference; fileEncoding = 4; lastKnownFileType = sourcecode.c.objc; path = AboveTopView.m; sourceTree = "<group>"; };
		C1554A16150C9B6D00D0F3E6 /* BelowBottomView.h */ = {isa = PBXFileReference; fileEncoding = 4; lastKnownFileType = sourcecode.c.h; path = BelowBottomView.h; sourceTree = "<group>"; };
		C1554A17150C9B6D00D0F3E6 /* BelowBottomView.m */ = {isa = PBXFileReference; fileEncoding = 4; lastKnownFileType = sourcecode.c.objc; path = BelowBottomView.m; sourceTree = "<group>"; };
		C16047DC150E08CC000929CC /* MyBelowBottomView.h */ = {isa = PBXFileReference; fileEncoding = 4; lastKnownFileType = sourcecode.c.h; path = MyBelowBottomView.h; sourceTree = "<group>"; };
		C16047DD150E08CC000929CC /* MyBelowBottomView.m */ = {isa = PBXFileReference; fileEncoding = 4; lastKnownFileType = sourcecode.c.objc; path = MyBelowBottomView.m; sourceTree = "<group>"; };
		C16047DE150E08CC000929CC /* MyBookView.h */ = {isa = PBXFileReference; fileEncoding = 4; lastKnownFileType = sourcecode.c.h; path = MyBookView.h; sourceTree = "<group>"; };
		C16047DF150E08CC000929CC /* MyBookView.m */ = {isa = PBXFileReference; fileEncoding = 4; lastKnownFileType = sourcecode.c.objc; path = MyBookView.m; sourceTree = "<group>"; };
		C16047E0150E08CC000929CC /* MyCellView.h */ = {isa = PBXFileReference; fileEncoding = 4; lastKnownFileType = sourcecode.c.h; path = MyCellView.h; sourceTree = "<group>"; };
		C16047E1150E08CC000929CC /* MyCellView.m */ = {isa = PBXFileReference; fileEncoding = 4; lastKnownFileType = sourcecode.c.objc; path = MyCellView.m; sourceTree = "<group>"; };
		C16047E6150E0908000929CC /* 1.png */ = {isa = PBXFileReference; lastKnownFileType = image.png; path = 1.png; sourceTree = "<group>"; };
		C16047E7150E0908000929CC /* 1@2x.png */ = {isa = PBXFileReference; lastKnownFileType = image.png; path = "1@2x.png"; sourceTree = "<group>"; };
		C16047E8150E0908000929CC /* 2.png */ = {isa = PBXFileReference; lastKnownFileType = image.png; path = 2.png; sourceTree = "<group>"; };
		C16047E9150E0908000929CC /* 2@2x.png */ = {isa = PBXFileReference; lastKnownFileType = image.png; path = "2@2x.png"; sourceTree = "<group>"; };
		C16047EA150E0908000929CC /* 3.png */ = {isa = PBXFileReference; lastKnownFileType = image.png; path = 3.png; sourceTree = "<group>"; };
		C16047EB150E0908000929CC /* 3@2x.png */ = {isa = PBXFileReference; lastKnownFileType = image.png; path = "3@2x.png"; sourceTree = "<group>"; };
		C16047EC150E0908000929CC /* 4.png */ = {isa = PBXFileReference; lastKnownFileType = image.png; path = 4.png; sourceTree = "<group>"; };
		C16047ED150E0908000929CC /* 4@2x.png */ = {isa = PBXFileReference; lastKnownFileType = image.png; path = "4@2x.png"; sourceTree = "<group>"; };
		C16047F6150E0911000929CC /* BookShelfCell.png */ = {isa = PBXFileReference; lastKnownFileType = image.png; path = BookShelfCell.png; sourceTree = "<group>"; };
		C16047F7150E0911000929CC /* BookShelfCell@2x.png */ = {isa = PBXFileReference; lastKnownFileType = image.png; path = "BookShelfCell@2x.png"; sourceTree = "<group>"; };
		C1B712B31536F5FD00C07179 /* BookViewChecked.png */ = {isa = PBXFileReference; lastKnownFileType = image.png; path = BookViewChecked.png; sourceTree = "<group>"; };
		C1B712B41536F5FD00C07179 /* BookViewChecked@2x.png */ = {isa = PBXFileReference; lastKnownFileType = image.png; path = "BookViewChecked@2x.png"; sourceTree = "<group>"; };
		C1B905CC1504B75800513802 /* GSBookView.h */ = {isa = PBXFileReference; fileEncoding = 4; lastKnownFileType = sourcecode.c.h; path = GSBookView.h; sourceTree = "<group>"; };
		C1B905CE1504B77000513802 /* GSBookShelfCell.h */ = {isa = PBXFileReference; fileEncoding = 4; lastKnownFileType = sourcecode.c.h; path = GSBookShelfCell.h; sourceTree = "<group>"; };
		C1D6739614F4D247006D3483 /* BookShelf.app */ = {isa = PBXFileReference; explicitFileType = wrapper.application; includeInIndex = 0; path = BookShelf.app; sourceTree = BUILT_PRODUCTS_DIR; };
		C1D6739A14F4D247006D3483 /* UIKit.framework */ = {isa = PBXFileReference; lastKnownFileType = wrapper.framework; name = UIKit.framework; path = System/Library/Frameworks/UIKit.framework; sourceTree = SDKROOT; };
		C1D6739C14F4D247006D3483 /* Foundation.framework */ = {isa = PBXFileReference; lastKnownFileType = wrapper.framework; name = Foundation.framework; path = System/Library/Frameworks/Foundation.framework; sourceTree = SDKROOT; };
		C1D6739E14F4D247006D3483 /* CoreGraphics.framework */ = {isa = PBXFileReference; lastKnownFileType = wrapper.framework; name = CoreGraphics.framework; path = System/Library/Frameworks/CoreGraphics.framework; sourceTree = SDKROOT; };
		C1D673A214F4D247006D3483 /* BookShelf-Info.plist */ = {isa = PBXFileReference; lastKnownFileType = text.plist.xml; path = "BookShelf-Info.plist"; sourceTree = "<group>"; };
		C1D673A414F4D247006D3483 /* en */ = {isa = PBXFileReference; lastKnownFileType = text.plist.strings; name = en; path = en.lproj/InfoPlist.strings; sourceTree = "<group>"; };
		C1D673A614F4D247006D3483 /* main.m */ = {isa = PBXFileReference; lastKnownFileType = sourcecode.c.objc; path = main.m; sourceTree = "<group>"; };
		C1D673A814F4D247006D3483 /* BookShelf-Prefix.pch */ = {isa = PBXFileReference; lastKnownFileType = sourcecode.c.h; path = "BookShelf-Prefix.pch"; sourceTree = "<group>"; };
		C1D673A914F4D247006D3483 /* AppDelegate.h */ = {isa = PBXFileReference; lastKnownFileType = sourcecode.c.h; path = AppDelegate.h; sourceTree = "<group>"; };
		C1D673AA14F4D247006D3483 /* AppDelegate.m */ = {isa = PBXFileReference; lastKnownFileType = sourcecode.c.objc; path = AppDelegate.m; sourceTree = "<group>"; };
		C1D673AC14F4D247006D3483 /* ViewController.h */ = {isa = PBXFileReference; lastKnownFileType = sourcecode.c.h; path = ViewController.h; sourceTree = "<group>"; };
		C1D673AD14F4D247006D3483 /* ViewController.m */ = {isa = PBXFileReference; lastKnownFileType = sourcecode.c.objc; path = ViewController.m; sourceTree = "<group>"; };
		C1D673B014F4D247006D3483 /* en */ = {isa = PBXFileReference; lastKnownFileType = file.xib; name = en; path = en.lproj/ViewController.xib; sourceTree = "<group>"; };
		C1D673B814F4D35B006D3483 /* GSBookShelfView.h */ = {isa = PBXFileReference; fileEncoding = 4; lastKnownFileType = sourcecode.c.h; path = GSBookShelfView.h; sourceTree = "<group>"; };
		C1D673B914F4D35B006D3483 /* GSBookShelfView.m */ = {isa = PBXFileReference; fileEncoding = 4; lastKnownFileType = sourcecode.c.objc; path = GSBookShelfView.m; sourceTree = "<group>"; };
		C1D673E514F62282006D3483 /* BookView.h */ = {isa = PBXFileReference; fileEncoding = 4; lastKnownFileType = sourcecode.c.h; path = BookView.h; sourceTree = "<group>"; };
		C1D673E614F62282006D3483 /* BookView.m */ = {isa = PBXFileReference; fileEncoding = 4; lastKnownFileType = sourcecode.c.objc; path = BookView.m; sourceTree = "<group>"; };
		C1D673E814F67DA4006D3483 /* BookShelfCellView.h */ = {isa = PBXFileReference; fileEncoding = 4; lastKnownFileType = sourcecode.c.h; path = BookShelfCellView.h; sourceTree = "<group>"; };
		C1D673E914F67DA4006D3483 /* BookShelfCellView.m */ = {isa = PBXFileReference; fileEncoding = 4; lastKnownFileType = sourcecode.c.objc; path = BookShelfCellView.m; sourceTree = "<group>"; };
		C1DAD8041500A466004B4BD5 /* NSMutableArray+Rearrange.h */ = {isa = PBXFileReference; fileEncoding = 4; lastKnownFileType = sourcecode.c.h; path = "NSMutableArray+Rearrange.h"; sourceTree = "<group>"; };
		C1DAD8051500A466004B4BD5 /* NSMutableArray+Rearrange.m */ = {isa = PBXFileReference; fileEncoding = 4; lastKnownFileType = sourcecode.c.objc; path = "NSMutableArray+Rearrange.m"; sourceTree = "<group>"; };
/* End PBXFileReference section */

/* Begin PBXFrameworksBuildPhase section */
		C1D6739314F4D247006D3483 /* Frameworks */ = {
			isa = PBXFrameworksBuildPhase;
			buildActionMask = 2147483647;
			files = (
				C15549FD150B90D800D0F3E6 /* QuartzCore.framework in Frameworks */,
				C1D6739B14F4D247006D3483 /* UIKit.framework in Frameworks */,
				C1D6739D14F4D247006D3483 /* Foundation.framework in Frameworks */,
				C1D6739F14F4D247006D3483 /* CoreGraphics.framework in Frameworks */,
			);
			runOnlyForDeploymentPostprocessing = 0;
		};
/* End PBXFrameworksBuildPhase section */

/* Begin PBXGroup section */
		C12BFCE114F7D29300206AFC /* Public */ = {
			isa = PBXGroup;
			children = (
				C1D673B814F4D35B006D3483 /* GSBookShelfView.h */,
				C1D673B914F4D35B006D3483 /* GSBookShelfView.m */,
				C1B905CC1504B75800513802 /* GSBookView.h */,
				C1B905CE1504B77000513802 /* GSBookShelfCell.h */,
			);
			name = Public;
			sourceTree = "<group>";
		};
		C12BFCE214F7D29C00206AFC /* Private */ = {
			isa = PBXGroup;
			children = (
				C12BFCDE14F7CF3A00206AFC /* GSCellContainerView.h */,
				C12BFCDF14F7CF3A00206AFC /* GSCellContainerView.m */,
				C12BFCDA14F7CEF600206AFC /* GSBookViewContainerView.h */,
				C12BFCDB14F7CEF600206AFC /* GSBookViewContainerView.m */,
			);
			name = Private;
			sourceTree = "<group>";
		};
		C16047DB150E08AC000929CC /* Useless */ = {
			isa = PBXGroup;
			children = (
				C1D673E514F62282006D3483 /* BookView.h */,
				C1D673E614F62282006D3483 /* BookView.m */,
				C1D673E814F67DA4006D3483 /* BookShelfCellView.h */,
				C1D673E914F67DA4006D3483 /* BookShelfCellView.m */,
				C1554A13150C9B5E00D0F3E6 /* AboveTopView.h */,
				C1554A14150C9B5E00D0F3E6 /* AboveTopView.m */,
				C1554A16150C9B6D00D0F3E6 /* BelowBottomView.h */,
				C1554A17150C9B6D00D0F3E6 /* BelowBottomView.m */,
			);
			name = Useless;
			sourceTree = "<group>";
		};
		C16047E5150E08EB000929CC /* Image */ = {
			isa = PBXGroup;
			children = (
				C116C3BC152B05F000AD6710 /* comments.png */,
				C16047E6150E0908000929CC /* 1.png */,
				C16047E7150E0908000929CC /* 1@2x.png */,
				C16047E8150E0908000929CC /* 2.png */,
				C16047E9150E0908000929CC /* 2@2x.png */,
				C16047EA150E0908000929CC /* 3.png */,
				C16047EB150E0908000929CC /* 3@2x.png */,
				C16047EC150E0908000929CC /* 4.png */,
				C16047ED150E0908000929CC /* 4@2x.png */,
				C1B712B31536F5FD00C07179 /* BookViewChecked.png */,
				C1B712B41536F5FD00C07179 /* BookViewChecked@2x.png */,
				C16047F6150E0911000929CC /* BookShelfCell.png */,
				C16047F7150E0911000929CC /* BookShelfCell@2x.png */,
			);
			name = Image;
			sourceTree = "<group>";
		};
		C1B905C71504B69200513802 /* Demo */ = {
			isa = PBXGroup;
			children = (
				C1D673A914F4D247006D3483 /* AppDelegate.h */,
				C1D673AA14F4D247006D3483 /* AppDelegate.m */,
				C1D673AC14F4D247006D3483 /* ViewController.h */,
				C1D673AD14F4D247006D3483 /* ViewController.m */,
				C16047DC150E08CC000929CC /* MyBelowBottomView.h */,
				C16047DD150E08CC000929CC /* MyBelowBottomView.m */,
				C16047DE150E08CC000929CC /* MyBookView.h */,
				C16047DF150E08CC000929CC /* MyBookView.m */,
				C16047E0150E08CC000929CC /* MyCellView.h */,
				C16047E1150E08CC000929CC /* MyCellView.m */,
			);
			name = Demo;
			sourceTree = "<group>";
		};
		C1D6738B14F4D247006D3483 = {
			isa = PBXGroup;
			children = (
				C1539F4C1510C76A00C6A479 /* README.md */,
				C1D673A014F4D247006D3483 /* BookShelf */,
				C1D6739914F4D247006D3483 /* Frameworks */,
				C1D6739714F4D247006D3483 /* Products */,
			);
			sourceTree = "<group>";
		};
		C1D6739714F4D247006D3483 /* Products */ = {
			isa = PBXGroup;
			children = (
				C1D6739614F4D247006D3483 /* BookShelf.app */,
			);
			name = Products;
			sourceTree = "<group>";
		};
		C1D6739914F4D247006D3483 /* Frameworks */ = {
			isa = PBXGroup;
			children = (
				C15549FC150B90D800D0F3E6 /* QuartzCore.framework */,
				C1D6739A14F4D247006D3483 /* UIKit.framework */,
				C1D6739C14F4D247006D3483 /* Foundation.framework */,
				C1D6739E14F4D247006D3483 /* CoreGraphics.framework */,
			);
			name = Frameworks;
			sourceTree = "<group>";
		};
		C1D673A014F4D247006D3483 /* BookShelf */ = {
			isa = PBXGroup;
			children = (
				C16047E5150E08EB000929CC /* Image */,
				C1D673CD14F60883006D3483 /* ImagesForTest */,
				C16047DB150E08AC000929CC /* Useless */,
				C1D673B714F4D317006D3483 /* BookShelf */,
				C1B905C71504B69200513802 /* Demo */,
				C1D673AF14F4D247006D3483 /* ViewController.xib */,
				C1D673A114F4D247006D3483 /* Supporting Files */,
			);
			path = BookShelf;
			sourceTree = "<group>";
		};
		C1D673A114F4D247006D3483 /* Supporting Files */ = {
			isa = PBXGroup;
			children = (
				C1D673A214F4D247006D3483 /* BookShelf-Info.plist */,
				C1D673A314F4D247006D3483 /* InfoPlist.strings */,
				C1D673A614F4D247006D3483 /* main.m */,
				C1D673A814F4D247006D3483 /* BookShelf-Prefix.pch */,
			);
			name = "Supporting Files";
			sourceTree = "<group>";
		};
		C1D673B714F4D317006D3483 /* BookShelf */ = {
			isa = PBXGroup;
			children = (
				C1DAD8021500A41B004B4BD5 /* Utilities */,
				C12BFCE214F7D29C00206AFC /* Private */,
				C12BFCE114F7D29300206AFC /* Public */,
			);
			name = BookShelf;
			sourceTree = "<group>";
		};
		C1D673CD14F60883006D3483 /* ImagesForTest */ = {
			isa = PBXGroup;
			children = (
			);
			name = ImagesForTest;
			sourceTree = "<group>";
		};
		C1DAD8021500A41B004B4BD5 /* Utilities */ = {
			isa = PBXGroup;
			children = (
				C1DAD8041500A466004B4BD5 /* NSMutableArray+Rearrange.h */,
				C1DAD8051500A466004B4BD5 /* NSMutableArray+Rearrange.m */,
			);
			name = Utilities;
			sourceTree = "<group>";
		};
/* End PBXGroup section */

/* Begin PBXNativeTarget section */
		C1D6739514F4D247006D3483 /* BookShelf */ = {
			isa = PBXNativeTarget;
			buildConfigurationList = C1D673B414F4D247006D3483 /* Build configuration list for PBXNativeTarget "BookShelf" */;
			buildPhases = (
				C1D6739214F4D247006D3483 /* Sources */,
				C1D6739314F4D247006D3483 /* Frameworks */,
				C1D6739414F4D247006D3483 /* Resources */,
			);
			buildRules = (
			);
			dependencies = (
			);
			name = BookShelf;
			productName = BookShelf;
			productReference = C1D6739614F4D247006D3483 /* BookShelf.app */;
			productType = "com.apple.product-type.application";
		};
/* End PBXNativeTarget section */

/* Begin PBXProject section */
		C1D6738D14F4D247006D3483 /* Project object */ = {
			isa = PBXProject;
			attributes = {
				LastUpgradeCheck = 0430;
				ORGANIZATIONNAME = FoOTOo;
			};
			buildConfigurationList = C1D6739014F4D247006D3483 /* Build configuration list for PBXProject "BookShelf" */;
			compatibilityVersion = "Xcode 3.2";
			developmentRegion = English;
			hasScannedForEncodings = 0;
			knownRegions = (
				en,
			);
			mainGroup = C1D6738B14F4D247006D3483;
			productRefGroup = C1D6739714F4D247006D3483 /* Products */;
			projectDirPath = "";
			projectRoot = "";
			targets = (
				C1D6739514F4D247006D3483 /* BookShelf */,
			);
		};
/* End PBXProject section */

/* Begin PBXResourcesBuildPhase section */
		C1D6739414F4D247006D3483 /* Resources */ = {
			isa = PBXResourcesBuildPhase;
			buildActionMask = 2147483647;
			files = (
				C1D673A514F4D247006D3483 /* InfoPlist.strings in Resources */,
				C1D673B114F4D247006D3483 /* ViewController.xib in Resources */,
				C16047EE150E0908000929CC /* 1.png in Resources */,
				C16047EF150E0908000929CC /* 1@2x.png in Resources */,
				C16047F0150E0908000929CC /* 2.png in Resources */,
				C16047F1150E0908000929CC /* 2@2x.png in Resources */,
				C16047F2150E0908000929CC /* 3.png in Resources */,
				C16047F3150E0908000929CC /* 3@2x.png in Resources */,
				C16047F4150E0908000929CC /* 4.png in Resources */,
				C16047F5150E0908000929CC /* 4@2x.png in Resources */,
				C16047F8150E0911000929CC /* BookShelfCell.png in Resources */,
				C16047F9150E0911000929CC /* BookShelfCell@2x.png in Resources */,
				C1B712B51536F5FD00C07179 /* BookViewChecked.png in Resources */,
				C1B712B61536F5FD00C07179 /* BookViewChecked@2x.png in Resources */,
			);
			runOnlyForDeploymentPostprocessing = 0;
		};
/* End PBXResourcesBuildPhase section */

/* Begin PBXSourcesBuildPhase section */
		C1D6739214F4D247006D3483 /* Sources */ = {
			isa = PBXSourcesBuildPhase;
			buildActionMask = 2147483647;
			files = (
				C1D673A714F4D247006D3483 /* main.m in Sources */,
				C1D673AB14F4D247006D3483 /* AppDelegate.m in Sources */,
				C1D673AE14F4D247006D3483 /* ViewController.m in Sources */,
				C1D673BA14F4D35B006D3483 /* GSBookShelfView.m in Sources */,
				C1D673E714F62283006D3483 /* BookView.m in Sources */,
				C1D673EA14F67DA4006D3483 /* BookShelfCellView.m in Sources */,
				C12BFCDC14F7CEF600206AFC /* GSBookViewContainerView.m in Sources */,
				C12BFCE014F7CF3A00206AFC /* GSCellContainerView.m in Sources */,
				C1DAD8061500A466004B4BD5 /* NSMutableArray+Rearrange.m in Sources */,
				C1554A15150C9B5E00D0F3E6 /* AboveTopView.m in Sources */,
				C1554A18150C9B6E00D0F3E6 /* BelowBottomView.m in Sources */,
				C16047E2150E08CC000929CC /* MyBelowBottomView.m in Sources */,
				C16047E3150E08CC000929CC /* MyBookView.m in Sources */,
				C16047E4150E08CC000929CC /* MyCellView.m in Sources */,
			);
			runOnlyForDeploymentPostprocessing = 0;
		};
/* End PBXSourcesBuildPhase section */

/* Begin PBXVariantGroup section */
		C1D673A314F4D247006D3483 /* InfoPlist.strings */ = {
			isa = PBXVariantGroup;
			children = (
				C1D673A414F4D247006D3483 /* en */,
			);
			name = InfoPlist.strings;
			sourceTree = "<group>";
		};
		C1D673AF14F4D247006D3483 /* ViewController.xib */ = {
			isa = PBXVariantGroup;
			children = (
				C1D673B014F4D247006D3483 /* en */,
			);
			name = ViewController.xib;
			sourceTree = "<group>";
		};
/* End PBXVariantGroup section */

/* Begin XCBuildConfiguration section */
		C1D673B214F4D247006D3483 /* Debug */ = {
			isa = XCBuildConfiguration;
			buildSettings = {
				ALWAYS_SEARCH_USER_PATHS = NO;
				ARCHS = "$(ARCHS_STANDARD_32_BIT)";
				CLANG_ENABLE_OBJC_ARC = YES;
				"CODE_SIGN_IDENTITY[sdk=iphoneos*]" = "iPhone Developer";
				COPY_PHASE_STRIP = NO;
				GCC_C_LANGUAGE_STANDARD = gnu99;
				GCC_DYNAMIC_NO_PIC = NO;
				GCC_OPTIMIZATION_LEVEL = 0;
				GCC_PREPROCESSOR_DEFINITIONS = (
					"DEBUG=1",
					"$(inherited)",
				);
				GCC_SYMBOLS_PRIVATE_EXTERN = NO;
				GCC_VERSION = com.apple.compilers.llvm.clang.1_0;
				GCC_WARN_ABOUT_MISSING_PROTOTYPES = YES;
				GCC_WARN_ABOUT_RETURN_TYPE = YES;
				GCC_WARN_UNUSED_VARIABLE = YES;
				IPHONEOS_DEPLOYMENT_TARGET = 5.0;
				SDKROOT = iphoneos;
			};
			name = Debug;
		};
		C1D673B314F4D247006D3483 /* Release */ = {
			isa = XCBuildConfiguration;
			buildSettings = {
				ALWAYS_SEARCH_USER_PATHS = NO;
				ARCHS = "$(ARCHS_STANDARD_32_BIT)";
				CLANG_ENABLE_OBJC_ARC = YES;
				"CODE_SIGN_IDENTITY[sdk=iphoneos*]" = "iPhone Developer";
				COPY_PHASE_STRIP = YES;
				GCC_C_LANGUAGE_STANDARD = gnu99;
				GCC_VERSION = com.apple.compilers.llvm.clang.1_0;
				GCC_WARN_ABOUT_MISSING_PROTOTYPES = YES;
				GCC_WARN_ABOUT_RETURN_TYPE = YES;
				GCC_WARN_UNUSED_VARIABLE = YES;
				IPHONEOS_DEPLOYMENT_TARGET = 5.0;
				OTHER_CFLAGS = "-DNS_BLOCK_ASSERTIONS=1";
				SDKROOT = iphoneos;
				VALIDATE_PRODUCT = YES;
			};
			name = Release;
		};
		C1D673B514F4D247006D3483 /* Debug */ = {
			isa = XCBuildConfiguration;
			buildSettings = {
				ARCHS = (
					armv6,
					armv7,
				);
				GCC_PRECOMPILE_PREFIX_HEADER = YES;
				GCC_PREFIX_HEADER = "BookShelf/BookShelf-Prefix.pch";
				GCC_THUMB_SUPPORT = NO;
				INFOPLIST_FILE = "BookShelf/BookShelf-Info.plist";
				IPHONEOS_DEPLOYMENT_TARGET = 4.0;
				PRODUCT_NAME = "$(TARGET_NAME)";
				WRAPPER_EXTENSION = app;
			};
			name = Debug;
		};
		C1D673B614F4D247006D3483 /* Release */ = {
			isa = XCBuildConfiguration;
			buildSettings = {
				ARCHS = (
					armv6,
					armv7,
				);
				GCC_PRECOMPILE_PREFIX_HEADER = YES;
				GCC_PREFIX_HEADER = "BookShelf/BookShelf-Prefix.pch";
				GCC_THUMB_SUPPORT = NO;
				INFOPLIST_FILE = "BookShelf/BookShelf-Info.plist";
				IPHONEOS_DEPLOYMENT_TARGET = 4.0;
				PRODUCT_NAME = "$(TARGET_NAME)";
				WRAPPER_EXTENSION = app;
			};
			name = Release;
		};
/* End XCBuildConfiguration section */

/* Begin XCConfigurationList section */
		C1D6739014F4D247006D3483 /* Build configuration list for PBXProject "BookShelf" */ = {
			isa = XCConfigurationList;
			buildConfigurations = (
				C1D673B214F4D247006D3483 /* Debug */,
				C1D673B314F4D247006D3483 /* Release */,
			);
			defaultConfigurationIsVisible = 0;
			defaultConfigurationName = Release;
		};
		C1D673B414F4D247006D3483 /* Build configuration list for PBXNativeTarget "BookShelf" */ = {
			isa = XCConfigurationList;
			buildConfigurations = (
				C1D673B514F4D247006D3483 /* Debug */,
				C1D673B614F4D247006D3483 /* Release */,
			);
			defaultConfigurationIsVisible = 0;
			defaultConfigurationName = Release;
		};
/* End XCConfigurationList section */
	};
	rootObject = C1D6738D14F4D247006D3483 /* Project object */;
}
